// !$*UTF8*$!
{
	archiveVersion = 1;
	classes = {
	};
	objectVersion = 51;
	objects = {

/* Begin PBXBuildFile section */
		706A80902566DCA400A07C9C /* AppDelegate.swift in Sources */ = {isa = PBXBuildFile; fileRef = 706A808F2566DCA400A07C9C /* AppDelegate.swift */; };
		706A80922566DCA400A07C9C /* SceneDelegate.swift in Sources */ = {isa = PBXBuildFile; fileRef = 706A80912566DCA400A07C9C /* SceneDelegate.swift */; };
		706A80972566DCA400A07C9C /* Main.storyboard in Resources */ = {isa = PBXBuildFile; fileRef = 706A80952566DCA400A07C9C /* Main.storyboard */; };
		706A80992566DCA700A07C9C /* Assets.xcassets in Resources */ = {isa = PBXBuildFile; fileRef = 706A80982566DCA700A07C9C /* Assets.xcassets */; };
		706A809C2566DCA700A07C9C /* LaunchScreen.storyboard in Resources */ = {isa = PBXBuildFile; fileRef = 706A809A2566DCA700A07C9C /* LaunchScreen.storyboard */; };
		706A80B02566F61200A07C9C /* User.swift in Sources */ = {isa = PBXBuildFile; fileRef = 706A80AF2566F61200A07C9C /* User.swift */; };
		706A80B32566F62A00A07C9C /* UserController.swift in Sources */ = {isa = PBXBuildFile; fileRef = 706A80B22566F62A00A07C9C /* UserController.swift */; };
		706A80B62566F64200A07C9C /* UserError.swift in Sources */ = {isa = PBXBuildFile; fileRef = 706A80B52566F64200A07C9C /* UserError.swift */; };
		706A80B92566F6E000A07C9C /* RandoCollectionViewController.swift in Sources */ = {isa = PBXBuildFile; fileRef = 706A80B82566F6E000A07C9C /* RandoCollectionViewController.swift */; };
		706A80BC2566F70500A07C9C /* FriendsTableViewController.swift in Sources */ = {isa = PBXBuildFile; fileRef = 706A80BB2566F70500A07C9C /* FriendsTableViewController.swift */; };
		706A80C32566F85A00A07C9C /* PendingTableViewController.swift in Sources */ = {isa = PBXBuildFile; fileRef = 706A80C22566F85A00A07C9C /* PendingTableViewController.swift */; };
		706A80C62566F89700A07C9C /* EditProfileViewController.swift in Sources */ = {isa = PBXBuildFile; fileRef = 706A80C52566F89700A07C9C /* EditProfileViewController.swift */; };
		706A80CD2566F91200A07C9C /* ProfileViewController.swift in Sources */ = {isa = PBXBuildFile; fileRef = 706A80CC2566F91200A07C9C /* ProfileViewController.swift */; };
		706A80D32566F9A600A07C9C /* LogInViewController.swift in Sources */ = {isa = PBXBuildFile; fileRef = 706A80D22566F9A600A07C9C /* LogInViewController.swift */; };
		706A80D72566F9CA00A07C9C /* LogInSignUp.storyboard in Resources */ = {isa = PBXBuildFile; fileRef = 706A80D52566F9CA00A07C9C /* LogInSignUp.storyboard */; };
		706A8106256715FE00A07C9C /* MessageController.swift in Sources */ = {isa = PBXBuildFile; fileRef = 706A8105256715FE00A07C9C /* MessageController.swift */; };
		706A81092567161900A07C9C /* StorageController.swift in Sources */ = {isa = PBXBuildFile; fileRef = 706A81082567161900A07C9C /* StorageController.swift */; };
		706A810C2567162D00A07C9C /* Message.swift in Sources */ = {isa = PBXBuildFile; fileRef = 706A810B2567162D00A07C9C /* Message.swift */; };
		706A810F2567163700A07C9C /* Sender.swift in Sources */ = {isa = PBXBuildFile; fileRef = 706A810E2567163700A07C9C /* Sender.swift */; };
		706A81122567164B00A07C9C /* Conversation.swift in Sources */ = {isa = PBXBuildFile; fileRef = 706A81112567164B00A07C9C /* Conversation.swift */; };
		706A81152567167200A07C9C /* StorageError.swift in Sources */ = {isa = PBXBuildFile; fileRef = 706A81142567167200A07C9C /* StorageError.swift */; };
		706A81182567168500A07C9C /* DatabaseError.swift in Sources */ = {isa = PBXBuildFile; fileRef = 706A81172567168500A07C9C /* DatabaseError.swift */; };
		706A811B2567184E00A07C9C /* RandoCollectionViewCell.swift in Sources */ = {isa = PBXBuildFile; fileRef = 706A811A2567184E00A07C9C /* RandoCollectionViewCell.swift */; };
		706A811E2567188700A07C9C /* EditPhotoCollectionViewCell.swift in Sources */ = {isa = PBXBuildFile; fileRef = 706A811D2567188600A07C9C /* EditPhotoCollectionViewCell.swift */; };
		706A8121256718AD00A07C9C /* ViewPhotoCollectionViewCell.swift in Sources */ = {isa = PBXBuildFile; fileRef = 706A8120256718AD00A07C9C /* ViewPhotoCollectionViewCell.swift */; };
		706A81892568676800A07C9C /* GoogleService-Info.plist in Resources */ = {isa = PBXBuildFile; fileRef = 706A81882568676800A07C9C /* GoogleService-Info.plist */; };
		706A81C9256C100D00A07C9C /* SignUpViewController.swift in Sources */ = {isa = PBXBuildFile; fileRef = 706A81C8256C100D00A07C9C /* SignUpViewController.swift */; };
		70EB018D256EFDD30031ED9F /* AgeCalculator.swift in Sources */ = {isa = PBXBuildFile; fileRef = 70EB018C256EFDD30031ED9F /* AgeCalculator.swift */; };
		70EB0190256F01630031ED9F /* StyleGuide.swift in Sources */ = {isa = PBXBuildFile; fileRef = 70EB018F256F01630031ED9F /* StyleGuide.swift */; };
		70EB01A825720AD00031ED9F /* Colors.xcassets in Resources */ = {isa = PBXBuildFile; fileRef = 70EB01A725720AD00031ED9F /* Colors.xcassets */; };
		A60933D5256C2C0300A1C767 /* SearchResult.swift in Sources */ = {isa = PBXBuildFile; fileRef = A60933D4256C2C0300A1C767 /* SearchResult.swift */; };
		A60933E0256C2CEE00A1C767 /* NewConversationViewController.swift in Sources */ = {isa = PBXBuildFile; fileRef = A60933DF256C2CEE00A1C767 /* NewConversationViewController.swift */; };
		A60933E3256C2D6E00A1C767 /* MessagesViewExtension.swift in Sources */ = {isa = PBXBuildFile; fileRef = A60933E2256C2D6E00A1C767 /* MessagesViewExtension.swift */; };
		A60933E6256C2DA700A1C767 /* ConversationTableViewCell.swift in Sources */ = {isa = PBXBuildFile; fileRef = A60933E5256C2DA700A1C767 /* ConversationTableViewCell.swift */; };
		A6093408256C310000A1C767 /* ChatViewController.swift in Sources */ = {isa = PBXBuildFile; fileRef = A6093407256C310000A1C767 /* ChatViewController.swift */; };
		A6093448256C578400A1C767 /* NewConversationTableViewCell.swift in Sources */ = {isa = PBXBuildFile; fileRef = A6093447256C578400A1C767 /* NewConversationTableViewCell.swift */; };
		A66A5B8E25795FD8001046EB /* MessageAppUser.swift in Sources */ = {isa = PBXBuildFile; fileRef = A66A5B8D25795FD8001046EB /* MessageAppUser.swift */; };
		A6DF43EB258354EA00679324 /* Alerts.swift in Sources */ = {isa = PBXBuildFile; fileRef = A6DF43EA258354EA00679324 /* Alerts.swift */; };
		C33E283B256EC4390092442F /* NetworkError.swift in Sources */ = {isa = PBXBuildFile; fileRef = C33E283A256EC4390092442F /* NetworkError.swift */; };
		C33E283E256EC45B0092442F /* Restaurant.swift in Sources */ = {isa = PBXBuildFile; fileRef = C33E283D256EC45B0092442F /* Restaurant.swift */; };
		C33E2841256EC5390092442F /* RestaurantController.swift in Sources */ = {isa = PBXBuildFile; fileRef = C33E2840256EC5390092442F /* RestaurantController.swift */; };
		C33E289D256ED9780092442F /* RestaurantTableViewController.swift in Sources */ = {isa = PBXBuildFile; fileRef = C33E289C256ED9780092442F /* RestaurantTableViewController.swift */; };
		C36610DE25800D2D0048531B /* SettingsViewController.swift in Sources */ = {isa = PBXBuildFile; fileRef = C36610DD25800D2D0048531B /* SettingsViewController.swift */; };
		C36CCF74258BC2AE007BACE3 /* Constants.swift in Sources */ = {isa = PBXBuildFile; fileRef = C36CCF73258BC2AE007BACE3 /* Constants.swift */; };
		C36CCFBA258BFE77007BACE3 /* PushNotifications.swift in Sources */ = {isa = PBXBuildFile; fileRef = C36CCFB9258BFE77007BACE3 /* PushNotifications.swift */; };
		C37190B025794D8C006D1A01 /* EdamameLabel.swift in Sources */ = {isa = PBXBuildFile; fileRef = C37190AF25794D8C006D1A01 /* EdamameLabel.swift */; };
		C37191122579512A006D1A01 /* EdamameButton.swift in Sources */ = {isa = PBXBuildFile; fileRef = C37191112579512A006D1A01 /* EdamameButton.swift */; };
		C371911525795226006D1A01 /* EdamameTextField.swift in Sources */ = {isa = PBXBuildFile; fileRef = C371911425795226006D1A01 /* EdamameTextField.swift */; };
		E2A05B51BF810B11E3D5AAEF /* Pods_FinalProject.framework in Frameworks */ = {isa = PBXBuildFile; fileRef = 50B2EE8D07267B50B0731CFE /* Pods_FinalProject.framework */; };
/* End PBXBuildFile section */

/* Begin PBXFileReference section */
		50B2EE8D07267B50B0731CFE /* Pods_FinalProject.framework */ = {isa = PBXFileReference; explicitFileType = wrapper.framework; includeInIndex = 0; path = Pods_FinalProject.framework; sourceTree = BUILT_PRODUCTS_DIR; };
		706A808C2566DCA400A07C9C /* FinalProject.app */ = {isa = PBXFileReference; explicitFileType = wrapper.application; includeInIndex = 0; path = FinalProject.app; sourceTree = BUILT_PRODUCTS_DIR; };
		706A808F2566DCA400A07C9C /* AppDelegate.swift */ = {isa = PBXFileReference; lastKnownFileType = sourcecode.swift; path = AppDelegate.swift; sourceTree = "<group>"; };
		706A80912566DCA400A07C9C /* SceneDelegate.swift */ = {isa = PBXFileReference; lastKnownFileType = sourcecode.swift; path = SceneDelegate.swift; sourceTree = "<group>"; };
		706A80962566DCA400A07C9C /* Base */ = {isa = PBXFileReference; lastKnownFileType = file.storyboard; name = Base; path = Base.lproj/Main.storyboard; sourceTree = "<group>"; };
		706A80982566DCA700A07C9C /* Assets.xcassets */ = {isa = PBXFileReference; lastKnownFileType = folder.assetcatalog; path = Assets.xcassets; sourceTree = "<group>"; };
		706A809B2566DCA700A07C9C /* Base */ = {isa = PBXFileReference; lastKnownFileType = file.storyboard; name = Base; path = Base.lproj/LaunchScreen.storyboard; sourceTree = "<group>"; };
		706A809D2566DCA700A07C9C /* Info.plist */ = {isa = PBXFileReference; lastKnownFileType = text.plist.xml; path = Info.plist; sourceTree = "<group>"; };
		706A80AF2566F61200A07C9C /* User.swift */ = {isa = PBXFileReference; lastKnownFileType = sourcecode.swift; path = User.swift; sourceTree = "<group>"; };
		706A80B22566F62A00A07C9C /* UserController.swift */ = {isa = PBXFileReference; lastKnownFileType = sourcecode.swift; path = UserController.swift; sourceTree = "<group>"; };
		706A80B52566F64200A07C9C /* UserError.swift */ = {isa = PBXFileReference; lastKnownFileType = sourcecode.swift; path = UserError.swift; sourceTree = "<group>"; };
		706A80B82566F6E000A07C9C /* RandoCollectionViewController.swift */ = {isa = PBXFileReference; lastKnownFileType = sourcecode.swift; path = RandoCollectionViewController.swift; sourceTree = "<group>"; };
		706A80BB2566F70500A07C9C /* FriendsTableViewController.swift */ = {isa = PBXFileReference; lastKnownFileType = sourcecode.swift; path = FriendsTableViewController.swift; sourceTree = "<group>"; };
		706A80C22566F85A00A07C9C /* PendingTableViewController.swift */ = {isa = PBXFileReference; lastKnownFileType = sourcecode.swift; path = PendingTableViewController.swift; sourceTree = "<group>"; };
		706A80C52566F89700A07C9C /* EditProfileViewController.swift */ = {isa = PBXFileReference; lastKnownFileType = sourcecode.swift; path = EditProfileViewController.swift; sourceTree = "<group>"; };
		706A80CC2566F91200A07C9C /* ProfileViewController.swift */ = {isa = PBXFileReference; lastKnownFileType = sourcecode.swift; path = ProfileViewController.swift; sourceTree = "<group>"; };
		706A80D22566F9A600A07C9C /* LogInViewController.swift */ = {isa = PBXFileReference; lastKnownFileType = sourcecode.swift; path = LogInViewController.swift; sourceTree = "<group>"; };
		706A80D62566F9CA00A07C9C /* Base */ = {isa = PBXFileReference; lastKnownFileType = file.storyboard; name = Base; path = FinalProject/Views/Base.lproj/LogInSignUp.storyboard; sourceTree = "<group>"; };
		706A8105256715FE00A07C9C /* MessageController.swift */ = {isa = PBXFileReference; lastKnownFileType = sourcecode.swift; path = MessageController.swift; sourceTree = "<group>"; };
		706A81082567161900A07C9C /* StorageController.swift */ = {isa = PBXFileReference; lastKnownFileType = sourcecode.swift; path = StorageController.swift; sourceTree = "<group>"; };
		706A810B2567162D00A07C9C /* Message.swift */ = {isa = PBXFileReference; lastKnownFileType = sourcecode.swift; path = Message.swift; sourceTree = "<group>"; };
		706A810E2567163700A07C9C /* Sender.swift */ = {isa = PBXFileReference; lastKnownFileType = sourcecode.swift; path = Sender.swift; sourceTree = "<group>"; };
		706A81112567164B00A07C9C /* Conversation.swift */ = {isa = PBXFileReference; lastKnownFileType = sourcecode.swift; path = Conversation.swift; sourceTree = "<group>"; };
		706A81142567167200A07C9C /* StorageError.swift */ = {isa = PBXFileReference; lastKnownFileType = sourcecode.swift; path = StorageError.swift; sourceTree = "<group>"; };
		706A81172567168500A07C9C /* DatabaseError.swift */ = {isa = PBXFileReference; lastKnownFileType = sourcecode.swift; path = DatabaseError.swift; sourceTree = "<group>"; };
		706A811A2567184E00A07C9C /* RandoCollectionViewCell.swift */ = {isa = PBXFileReference; lastKnownFileType = sourcecode.swift; path = RandoCollectionViewCell.swift; sourceTree = "<group>"; };
		706A811D2567188600A07C9C /* EditPhotoCollectionViewCell.swift */ = {isa = PBXFileReference; lastKnownFileType = sourcecode.swift; path = EditPhotoCollectionViewCell.swift; sourceTree = "<group>"; };
		706A8120256718AD00A07C9C /* ViewPhotoCollectionViewCell.swift */ = {isa = PBXFileReference; lastKnownFileType = sourcecode.swift; path = ViewPhotoCollectionViewCell.swift; sourceTree = "<group>"; };
		706A81882568676800A07C9C /* GoogleService-Info.plist */ = {isa = PBXFileReference; fileEncoding = 4; lastKnownFileType = text.plist.xml; path = "GoogleService-Info.plist"; sourceTree = "<group>"; };
		706A81C8256C100D00A07C9C /* SignUpViewController.swift */ = {isa = PBXFileReference; lastKnownFileType = sourcecode.swift; path = SignUpViewController.swift; sourceTree = "<group>"; };
		70EB018C256EFDD30031ED9F /* AgeCalculator.swift */ = {isa = PBXFileReference; lastKnownFileType = sourcecode.swift; path = AgeCalculator.swift; sourceTree = "<group>"; };
		70EB018F256F01630031ED9F /* StyleGuide.swift */ = {isa = PBXFileReference; lastKnownFileType = sourcecode.swift; path = StyleGuide.swift; sourceTree = "<group>"; };
		70EB01A2257209950031ED9F /* SourceSansPro-Bold.ttf */ = {isa = PBXFileReference; lastKnownFileType = file; path = "SourceSansPro-Bold.ttf"; sourceTree = "<group>"; };
		70EB01A3257209A30031ED9F /* SourceSansPro-Regular.ttf */ = {isa = PBXFileReference; lastKnownFileType = file; path = "SourceSansPro-Regular.ttf"; sourceTree = "<group>"; };
		70EB01A4257209B00031ED9F /* SourceSansPro-Light.ttf */ = {isa = PBXFileReference; lastKnownFileType = file; path = "SourceSansPro-Light.ttf"; sourceTree = "<group>"; };
		70EB01A5257209BF0031ED9F /* SourceSansPro-ExtraLight.ttf */ = {isa = PBXFileReference; lastKnownFileType = file; path = "SourceSansPro-ExtraLight.ttf"; sourceTree = "<group>"; };
		70EB01A725720AD00031ED9F /* Colors.xcassets */ = {isa = PBXFileReference; lastKnownFileType = folder.assetcatalog; path = Colors.xcassets; sourceTree = "<group>"; };
		7CC0CC95EDF86B3CA7DE289E /* Pods-FinalProject.debug.xcconfig */ = {isa = PBXFileReference; includeInIndex = 1; lastKnownFileType = text.xcconfig; name = "Pods-FinalProject.debug.xcconfig"; path = "Target Support Files/Pods-FinalProject/Pods-FinalProject.debug.xcconfig"; sourceTree = "<group>"; };
		A60933D4256C2C0300A1C767 /* SearchResult.swift */ = {isa = PBXFileReference; lastKnownFileType = sourcecode.swift; path = SearchResult.swift; sourceTree = "<group>"; };
		A60933DF256C2CEE00A1C767 /* NewConversationViewController.swift */ = {isa = PBXFileReference; lastKnownFileType = sourcecode.swift; path = NewConversationViewController.swift; sourceTree = "<group>"; };
		A60933E2256C2D6E00A1C767 /* MessagesViewExtension.swift */ = {isa = PBXFileReference; lastKnownFileType = sourcecode.swift; path = MessagesViewExtension.swift; sourceTree = "<group>"; };
		A60933E5256C2DA700A1C767 /* ConversationTableViewCell.swift */ = {isa = PBXFileReference; lastKnownFileType = sourcecode.swift; path = ConversationTableViewCell.swift; sourceTree = "<group>"; };
		A6093407256C310000A1C767 /* ChatViewController.swift */ = {isa = PBXFileReference; lastKnownFileType = sourcecode.swift; path = ChatViewController.swift; sourceTree = "<group>"; };
		A6093447256C578400A1C767 /* NewConversationTableViewCell.swift */ = {isa = PBXFileReference; lastKnownFileType = sourcecode.swift; path = NewConversationTableViewCell.swift; sourceTree = "<group>"; };
		A66A5B8D25795FD8001046EB /* MessageAppUser.swift */ = {isa = PBXFileReference; lastKnownFileType = sourcecode.swift; path = MessageAppUser.swift; sourceTree = "<group>"; };
		A6DF43EA258354EA00679324 /* Alerts.swift */ = {isa = PBXFileReference; lastKnownFileType = sourcecode.swift; path = Alerts.swift; sourceTree = "<group>"; };
		C33E283A256EC4390092442F /* NetworkError.swift */ = {isa = PBXFileReference; lastKnownFileType = sourcecode.swift; path = NetworkError.swift; sourceTree = "<group>"; };
		C33E283D256EC45B0092442F /* Restaurant.swift */ = {isa = PBXFileReference; lastKnownFileType = sourcecode.swift; path = Restaurant.swift; sourceTree = "<group>"; };
		C33E2840256EC5390092442F /* RestaurantController.swift */ = {isa = PBXFileReference; lastKnownFileType = sourcecode.swift; path = RestaurantController.swift; sourceTree = "<group>"; };
		C33E289C256ED9780092442F /* RestaurantTableViewController.swift */ = {isa = PBXFileReference; lastKnownFileType = sourcecode.swift; path = RestaurantTableViewController.swift; sourceTree = "<group>"; };
		C36610DD25800D2D0048531B /* SettingsViewController.swift */ = {isa = PBXFileReference; lastKnownFileType = sourcecode.swift; path = SettingsViewController.swift; sourceTree = "<group>"; };
		C36CCF73258BC2AE007BACE3 /* Constants.swift */ = {isa = PBXFileReference; lastKnownFileType = sourcecode.swift; path = Constants.swift; sourceTree = "<group>"; };
		C36CCFB9258BFE77007BACE3 /* PushNotifications.swift */ = {isa = PBXFileReference; lastKnownFileType = sourcecode.swift; path = PushNotifications.swift; sourceTree = "<group>"; };
		C37190AF25794D8C006D1A01 /* EdamameLabel.swift */ = {isa = PBXFileReference; lastKnownFileType = sourcecode.swift; path = EdamameLabel.swift; sourceTree = "<group>"; };
		C37191112579512A006D1A01 /* EdamameButton.swift */ = {isa = PBXFileReference; lastKnownFileType = sourcecode.swift; path = EdamameButton.swift; sourceTree = "<group>"; };
		C371911425795226006D1A01 /* EdamameTextField.swift */ = {isa = PBXFileReference; lastKnownFileType = sourcecode.swift; path = EdamameTextField.swift; sourceTree = "<group>"; };
		C6FA7A1A978F2435EBB31F65 /* Pods-FinalProject.release.xcconfig */ = {isa = PBXFileReference; includeInIndex = 1; lastKnownFileType = text.xcconfig; name = "Pods-FinalProject.release.xcconfig"; path = "Target Support Files/Pods-FinalProject/Pods-FinalProject.release.xcconfig"; sourceTree = "<group>"; };
/* End PBXFileReference section */

/* Begin PBXFrameworksBuildPhase section */
		706A80892566DCA400A07C9C /* Frameworks */ = {
			isa = PBXFrameworksBuildPhase;
			buildActionMask = 2147483647;
			files = (
				E2A05B51BF810B11E3D5AAEF /* Pods_FinalProject.framework in Frameworks */,
			);
			runOnlyForDeploymentPostprocessing = 0;
		};
/* End PBXFrameworksBuildPhase section */

/* Begin PBXGroup section */
		706A80832566DCA400A07C9C = {
			isa = PBXGroup;
			children = (
				706A808E2566DCA400A07C9C /* FinalProject */,
				706A808D2566DCA400A07C9C /* Products */,
				EBA4F03A3B6BF980D11A7753 /* Pods */,
				C12AB5A2072469085A656043 /* Frameworks */,
			);
			sourceTree = "<group>";
		};
		706A808D2566DCA400A07C9C /* Products */ = {
			isa = PBXGroup;
			children = (
				706A808C2566DCA400A07C9C /* FinalProject.app */,
			);
			name = Products;
			sourceTree = "<group>";
		};
		706A808E2566DCA400A07C9C /* FinalProject */ = {
			isa = PBXGroup;
			children = (
				706A80AD2566DE7100A07C9C /* HelpersAndExtensions */,
				706A80AA2566DE5100A07C9C /* Controllers */,
				706A80A92566DE4600A07C9C /* Models */,
				706A80A62566DE0100A07C9C /* Views */,
				706A80A42566DD9C00A07C9C /* Resources */,
			);
			path = FinalProject;
			sourceTree = "<group>";
		};
		706A80A42566DD9C00A07C9C /* Resources */ = {
			isa = PBXGroup;
			children = (
				70EB01A1257209740031ED9F /* Fonts */,
				706A81882568676800A07C9C /* GoogleService-Info.plist */,
				706A808F2566DCA400A07C9C /* AppDelegate.swift */,
				706A80912566DCA400A07C9C /* SceneDelegate.swift */,
				706A80982566DCA700A07C9C /* Assets.xcassets */,
				706A809A2566DCA700A07C9C /* LaunchScreen.storyboard */,
				706A809D2566DCA700A07C9C /* Info.plist */,
				70EB01A725720AD00031ED9F /* Colors.xcassets */,
			);
			path = Resources;
			sourceTree = "<group>";
		};
		706A80A62566DE0100A07C9C /* Views */ = {
			isa = PBXGroup;
			children = (
				706A80DA2567008600A07C9C /* Storyboards */,
				706A8123256718B700A07C9C /* CustomCells */,
				C37190AD25794BEA006D1A01 /* CustomUI */,
			);
			path = Views;
			sourceTree = "<group>";
		};
		706A80A92566DE4600A07C9C /* Models */ = {
			isa = PBXGroup;
			children = (
				706A80AF2566F61200A07C9C /* User.swift */,
				706A810B2567162D00A07C9C /* Message.swift */,
				706A810E2567163700A07C9C /* Sender.swift */,
				A60933D4256C2C0300A1C767 /* SearchResult.swift */,
				C33E283D256EC45B0092442F /* Restaurant.swift */,
				A66A5B8D25795FD8001046EB /* MessageAppUser.swift */,
			);
			path = Models;
			sourceTree = "<group>";
		};
		706A80AA2566DE5100A07C9C /* Controllers */ = {
			isa = PBXGroup;
			children = (
				706A80AC2566DE6100A07C9C /* ModelControllers */,
				706A80AB2566DE5A00A07C9C /* ViewControllers */,
			);
			path = Controllers;
			sourceTree = "<group>";
		};
		706A80AB2566DE5A00A07C9C /* ViewControllers */ = {
			isa = PBXGroup;
			children = (
				A686044C256DA410008819CB /* LoginAndRegisterViewControllers */,
				A60933D7256C2C5B00A1C767 /* MessagesViewControllers */,
				706A80BB2566F70500A07C9C /* FriendsTableViewController.swift */,
				706A80C22566F85A00A07C9C /* PendingTableViewController.swift */,
				706A81112567164B00A07C9C /* Conversation.swift */,
				706A80C52566F89700A07C9C /* EditProfileViewController.swift */,
				706A80B82566F6E000A07C9C /* RandoCollectionViewController.swift */,
				706A80CC2566F91200A07C9C /* ProfileViewController.swift */,
				C33E289C256ED9780092442F /* RestaurantTableViewController.swift */,
				C36610DD25800D2D0048531B /* SettingsViewController.swift */,
			);
			path = ViewControllers;
			sourceTree = "<group>";
		};
		706A80AC2566DE6100A07C9C /* ModelControllers */ = {
			isa = PBXGroup;
			children = (
				706A8105256715FE00A07C9C /* MessageController.swift */,
				706A80B22566F62A00A07C9C /* UserController.swift */,
				706A81082567161900A07C9C /* StorageController.swift */,
				C33E2840256EC5390092442F /* RestaurantController.swift */,
			);
			path = ModelControllers;
			sourceTree = "<group>";
		};
		706A80AD2566DE7100A07C9C /* HelpersAndExtensions */ = {
			isa = PBXGroup;
			children = (
				706A80B52566F64200A07C9C /* UserError.swift */,
				706A81142567167200A07C9C /* StorageError.swift */,
				706A81172567168500A07C9C /* DatabaseError.swift */,
				A60933E2256C2D6E00A1C767 /* MessagesViewExtension.swift */,
				C33E283A256EC4390092442F /* NetworkError.swift */,
				70EB018C256EFDD30031ED9F /* AgeCalculator.swift */,
				70EB018F256F01630031ED9F /* StyleGuide.swift */,
				A6DF43EA258354EA00679324 /* Alerts.swift */,
				C36CCF73258BC2AE007BACE3 /* Constants.swift */,
				C36CCFB9258BFE77007BACE3 /* PushNotifications.swift */,
			);
			path = HelpersAndExtensions;
			sourceTree = "<group>";
		};
		706A80DA2567008600A07C9C /* Storyboards */ = {
			isa = PBXGroup;
			children = (
				706A80D52566F9CA00A07C9C /* LogInSignUp.storyboard */,
				706A80952566DCA400A07C9C /* Main.storyboard */,
			);
			path = Storyboards;
			sourceTree = "<group>";
		};
		706A8123256718B700A07C9C /* CustomCells */ = {
			isa = PBXGroup;
			children = (
				706A811A2567184E00A07C9C /* RandoCollectionViewCell.swift */,
				706A811D2567188600A07C9C /* EditPhotoCollectionViewCell.swift */,
				706A8120256718AD00A07C9C /* ViewPhotoCollectionViewCell.swift */,
				A60933E5256C2DA700A1C767 /* ConversationTableViewCell.swift */,
				A6093447256C578400A1C767 /* NewConversationTableViewCell.swift */,
			);
			path = CustomCells;
			sourceTree = "<group>";
		};
		70EB01A1257209740031ED9F /* Fonts */ = {
			isa = PBXGroup;
			children = (
				70EB01A5257209BF0031ED9F /* SourceSansPro-ExtraLight.ttf */,
				70EB01A2257209950031ED9F /* SourceSansPro-Bold.ttf */,
				70EB01A4257209B00031ED9F /* SourceSansPro-Light.ttf */,
				70EB01A3257209A30031ED9F /* SourceSansPro-Regular.ttf */,
			);
			path = Fonts;
			sourceTree = "<group>";
		};
		A60933D7256C2C5B00A1C767 /* MessagesViewControllers */ = {
			isa = PBXGroup;
			children = (
				A60933DF256C2CEE00A1C767 /* NewConversationViewController.swift */,
				A6093407256C310000A1C767 /* ChatViewController.swift */,
			);
			path = MessagesViewControllers;
			sourceTree = "<group>";
		};
		A686044C256DA410008819CB /* LoginAndRegisterViewControllers */ = {
			isa = PBXGroup;
			children = (
				706A80D22566F9A600A07C9C /* LogInViewController.swift */,
				706A81C8256C100D00A07C9C /* SignUpViewController.swift */,
			);
			path = LoginAndRegisterViewControllers;
			sourceTree = "<group>";
		};
		C12AB5A2072469085A656043 /* Frameworks */ = {
			isa = PBXGroup;
			children = (
				50B2EE8D07267B50B0731CFE /* Pods_FinalProject.framework */,
			);
			name = Frameworks;
			sourceTree = "<group>";
		};
		C37190AD25794BEA006D1A01 /* CustomUI */ = {
			isa = PBXGroup;
			children = (
				C37190F0257950D5006D1A01 /* CustomLabels */,
				C371910F257950E5006D1A01 /* CustomButtons */,
				C3719110257950ED006D1A01 /* CustomTextFields */,
			);
			path = CustomUI;
			sourceTree = "<group>";
		};
		C37190F0257950D5006D1A01 /* CustomLabels */ = {
			isa = PBXGroup;
			children = (
				C37190AF25794D8C006D1A01 /* EdamameLabel.swift */,
			);
			path = CustomLabels;
			sourceTree = "<group>";
		};
		C371910F257950E5006D1A01 /* CustomButtons */ = {
			isa = PBXGroup;
			children = (
				C37191112579512A006D1A01 /* EdamameButton.swift */,
			);
			path = CustomButtons;
			sourceTree = "<group>";
		};
		C3719110257950ED006D1A01 /* CustomTextFields */ = {
			isa = PBXGroup;
			children = (
				C371911425795226006D1A01 /* EdamameTextField.swift */,
			);
			path = CustomTextFields;
			sourceTree = "<group>";
		};
		EBA4F03A3B6BF980D11A7753 /* Pods */ = {
			isa = PBXGroup;
			children = (
				7CC0CC95EDF86B3CA7DE289E /* Pods-FinalProject.debug.xcconfig */,
				C6FA7A1A978F2435EBB31F65 /* Pods-FinalProject.release.xcconfig */,
			);
			path = Pods;
			sourceTree = "<group>";
		};
/* End PBXGroup section */

/* Begin PBXNativeTarget section */
		706A808B2566DCA400A07C9C /* FinalProject */ = {
			isa = PBXNativeTarget;
			buildConfigurationList = 706A80A02566DCA700A07C9C /* Build configuration list for PBXNativeTarget "FinalProject" */;
			buildPhases = (
				6B5B9719E72BDBEBC1CED5EB /* [CP] Check Pods Manifest.lock */,
				706A80882566DCA400A07C9C /* Sources */,
				706A80892566DCA400A07C9C /* Frameworks */,
				706A808A2566DCA400A07C9C /* Resources */,
				59AA85F0303F1C78D90A8A5C /* [CP] Embed Pods Frameworks */,
			);
			buildRules = (
			);
			dependencies = (
			);
			name = FinalProject;
			productName = FinalProject;
			productReference = 706A808C2566DCA400A07C9C /* FinalProject.app */;
			productType = "com.apple.product-type.application";
		};
/* End PBXNativeTarget section */

/* Begin PBXProject section */
		706A80842566DCA400A07C9C /* Project object */ = {
			isa = PBXProject;
			attributes = {
				LastSwiftUpdateCheck = 1220;
				LastUpgradeCheck = 1220;
				TargetAttributes = {
					706A808B2566DCA400A07C9C = {
						CreatedOnToolsVersion = 12.2;
					};
				};
			};
			buildConfigurationList = 706A80872566DCA400A07C9C /* Build configuration list for PBXProject "FinalProject" */;
			compatibilityVersion = "Xcode 9.3";
			developmentRegion = en;
			hasScannedForEncodings = 0;
			knownRegions = (
				en,
				Base,
			);
			mainGroup = 706A80832566DCA400A07C9C;
			productRefGroup = 706A808D2566DCA400A07C9C /* Products */;
			projectDirPath = "";
			projectRoot = "";
			targets = (
				706A808B2566DCA400A07C9C /* FinalProject */,
			);
		};
/* End PBXProject section */

/* Begin PBXResourcesBuildPhase section */
		706A808A2566DCA400A07C9C /* Resources */ = {
			isa = PBXResourcesBuildPhase;
			buildActionMask = 2147483647;
			files = (
				706A80D72566F9CA00A07C9C /* LogInSignUp.storyboard in Resources */,
				706A809C2566DCA700A07C9C /* LaunchScreen.storyboard in Resources */,
				706A80992566DCA700A07C9C /* Assets.xcassets in Resources */,
				70EB01A825720AD00031ED9F /* Colors.xcassets in Resources */,
				706A80972566DCA400A07C9C /* Main.storyboard in Resources */,
				706A81892568676800A07C9C /* GoogleService-Info.plist in Resources */,
			);
			runOnlyForDeploymentPostprocessing = 0;
		};
/* End PBXResourcesBuildPhase section */

/* Begin PBXShellScriptBuildPhase section */
		59AA85F0303F1C78D90A8A5C /* [CP] Embed Pods Frameworks */ = {
			isa = PBXShellScriptBuildPhase;
			buildActionMask = 2147483647;
			files = (
			);
			inputFileListPaths = (
				"${PODS_ROOT}/Target Support Files/Pods-FinalProject/Pods-FinalProject-frameworks-${CONFIGURATION}-input-files.xcfilelist",
			);
			name = "[CP] Embed Pods Frameworks";
			outputFileListPaths = (
				"${PODS_ROOT}/Target Support Files/Pods-FinalProject/Pods-FinalProject-frameworks-${CONFIGURATION}-output-files.xcfilelist",
			);
			runOnlyForDeploymentPostprocessing = 0;
			shellPath = /bin/sh;
			shellScript = "\"${PODS_ROOT}/Target Support Files/Pods-FinalProject/Pods-FinalProject-frameworks.sh\"\n";
			showEnvVarsInLog = 0;
		};
		6B5B9719E72BDBEBC1CED5EB /* [CP] Check Pods Manifest.lock */ = {
			isa = PBXShellScriptBuildPhase;
			buildActionMask = 2147483647;
			files = (
			);
			inputFileListPaths = (
			);
			inputPaths = (
				"${PODS_PODFILE_DIR_PATH}/Podfile.lock",
				"${PODS_ROOT}/Manifest.lock",
			);
			name = "[CP] Check Pods Manifest.lock";
			outputFileListPaths = (
			);
			outputPaths = (
				"$(DERIVED_FILE_DIR)/Pods-FinalProject-checkManifestLockResult.txt",
			);
			runOnlyForDeploymentPostprocessing = 0;
			shellPath = /bin/sh;
			shellScript = "diff \"${PODS_PODFILE_DIR_PATH}/Podfile.lock\" \"${PODS_ROOT}/Manifest.lock\" > /dev/null\nif [ $? != 0 ] ; then\n    # print error to STDERR\n    echo \"error: The sandbox is not in sync with the Podfile.lock. Run 'pod install' or update your CocoaPods installation.\" >&2\n    exit 1\nfi\n# This output is used by Xcode 'outputs' to avoid re-running this script phase.\necho \"SUCCESS\" > \"${SCRIPT_OUTPUT_FILE_0}\"\n";
			showEnvVarsInLog = 0;
		};
/* End PBXShellScriptBuildPhase section */

/* Begin PBXSourcesBuildPhase section */
		706A80882566DCA400A07C9C /* Sources */ = {
			isa = PBXSourcesBuildPhase;
			buildActionMask = 2147483647;
			files = (
				A66A5B8E25795FD8001046EB /* MessageAppUser.swift in Sources */,
				706A80902566DCA400A07C9C /* AppDelegate.swift in Sources */,
				706A80922566DCA400A07C9C /* SceneDelegate.swift in Sources */,
				70EB018D256EFDD30031ED9F /* AgeCalculator.swift in Sources */,
				706A8121256718AD00A07C9C /* ViewPhotoCollectionViewCell.swift in Sources */,
				706A80CD2566F91200A07C9C /* ProfileViewController.swift in Sources */,
				706A80B32566F62A00A07C9C /* UserController.swift in Sources */,
				C33E283B256EC4390092442F /* NetworkError.swift in Sources */,
				706A80B92566F6E000A07C9C /* RandoCollectionViewController.swift in Sources */,
				A60933E3256C2D6E00A1C767 /* MessagesViewExtension.swift in Sources */,
				C33E289D256ED9780092442F /* RestaurantTableViewController.swift in Sources */,
				706A81092567161900A07C9C /* StorageController.swift in Sources */,
				706A80B62566F64200A07C9C /* UserError.swift in Sources */,
				70EB0190256F01630031ED9F /* StyleGuide.swift in Sources */,
				C36CCF74258BC2AE007BACE3 /* Constants.swift in Sources */,
				C37190B025794D8C006D1A01 /* EdamameLabel.swift in Sources */,
				706A80BC2566F70500A07C9C /* FriendsTableViewController.swift in Sources */,
				706A810F2567163700A07C9C /* Sender.swift in Sources */,
				706A80C32566F85A00A07C9C /* PendingTableViewController.swift in Sources */,
				706A80D32566F9A600A07C9C /* LogInViewController.swift in Sources */,
				A60933D5256C2C0300A1C767 /* SearchResult.swift in Sources */,
				A60933E6256C2DA700A1C767 /* ConversationTableViewCell.swift in Sources */,
				706A81122567164B00A07C9C /* Conversation.swift in Sources */,
				C36610DE25800D2D0048531B /* SettingsViewController.swift in Sources */,
				706A80B02566F61200A07C9C /* User.swift in Sources */,
				A6093448256C578400A1C767 /* NewConversationTableViewCell.swift in Sources */,
				C33E2841256EC5390092442F /* RestaurantController.swift in Sources */,
				C33E283E256EC45B0092442F /* Restaurant.swift in Sources */,
				706A81152567167200A07C9C /* StorageError.swift in Sources */,
				706A810C2567162D00A07C9C /* Message.swift in Sources */,
				C36CCFBA258BFE77007BACE3 /* PushNotifications.swift in Sources */,
				706A81C9256C100D00A07C9C /* SignUpViewController.swift in Sources */,
				706A80C62566F89700A07C9C /* EditProfileViewController.swift in Sources */,
				A6DF43EB258354EA00679324 /* Alerts.swift in Sources */,
				706A811E2567188700A07C9C /* EditPhotoCollectionViewCell.swift in Sources */,
				A60933E0256C2CEE00A1C767 /* NewConversationViewController.swift in Sources */,
				706A81182567168500A07C9C /* DatabaseError.swift in Sources */,
				706A8106256715FE00A07C9C /* MessageController.swift in Sources */,
				C37191122579512A006D1A01 /* EdamameButton.swift in Sources */,
				706A8106256715FE00A07C9C /* MessageController.swift in Sources */,
				706A811B2567184E00A07C9C /* RandoCollectionViewCell.swift in Sources */,
				A6093408256C310000A1C767 /* ChatViewController.swift in Sources */,
				C371911525795226006D1A01 /* EdamameTextField.swift in Sources */,
			);
			runOnlyForDeploymentPostprocessing = 0;
		};
/* End PBXSourcesBuildPhase section */

/* Begin PBXVariantGroup section */
		706A80952566DCA400A07C9C /* Main.storyboard */ = {
			isa = PBXVariantGroup;
			children = (
				706A80962566DCA400A07C9C /* Base */,
			);
			name = Main.storyboard;
			sourceTree = "<group>";
		};
		706A809A2566DCA700A07C9C /* LaunchScreen.storyboard */ = {
			isa = PBXVariantGroup;
			children = (
				706A809B2566DCA700A07C9C /* Base */,
			);
			name = LaunchScreen.storyboard;
			sourceTree = "<group>";
		};
		706A80D52566F9CA00A07C9C /* LogInSignUp.storyboard */ = {
			isa = PBXVariantGroup;
			children = (
				706A80D62566F9CA00A07C9C /* Base */,
			);
			name = LogInSignUp.storyboard;
			sourceTree = "<group>";
		};
/* End PBXVariantGroup section */

/* Begin XCBuildConfiguration section */
		706A809E2566DCA700A07C9C /* Debug */ = {
			isa = XCBuildConfiguration;
			buildSettings = {
				ALWAYS_SEARCH_USER_PATHS = NO;
				CLANG_ANALYZER_NONNULL = YES;
				CLANG_ANALYZER_NUMBER_OBJECT_CONVERSION = YES_AGGRESSIVE;
				CLANG_CXX_LANGUAGE_STANDARD = "gnu++14";
				CLANG_CXX_LIBRARY = "libc++";
				CLANG_ENABLE_MODULES = YES;
				CLANG_ENABLE_OBJC_ARC = YES;
				CLANG_ENABLE_OBJC_WEAK = YES;
				CLANG_WARN_BLOCK_CAPTURE_AUTORELEASING = YES;
				CLANG_WARN_BOOL_CONVERSION = YES;
				CLANG_WARN_COMMA = YES;
				CLANG_WARN_CONSTANT_CONVERSION = YES;
				CLANG_WARN_DEPRECATED_OBJC_IMPLEMENTATIONS = YES;
				CLANG_WARN_DIRECT_OBJC_ISA_USAGE = YES_ERROR;
				CLANG_WARN_DOCUMENTATION_COMMENTS = YES;
				CLANG_WARN_EMPTY_BODY = YES;
				CLANG_WARN_ENUM_CONVERSION = YES;
				CLANG_WARN_INFINITE_RECURSION = YES;
				CLANG_WARN_INT_CONVERSION = YES;
				CLANG_WARN_NON_LITERAL_NULL_CONVERSION = YES;
				CLANG_WARN_OBJC_IMPLICIT_RETAIN_SELF = YES;
				CLANG_WARN_OBJC_LITERAL_CONVERSION = YES;
				CLANG_WARN_OBJC_ROOT_CLASS = YES_ERROR;
				CLANG_WARN_QUOTED_INCLUDE_IN_FRAMEWORK_HEADER = YES;
				CLANG_WARN_RANGE_LOOP_ANALYSIS = YES;
				CLANG_WARN_STRICT_PROTOTYPES = YES;
				CLANG_WARN_SUSPICIOUS_MOVE = YES;
				CLANG_WARN_UNGUARDED_AVAILABILITY = YES_AGGRESSIVE;
				CLANG_WARN_UNREACHABLE_CODE = YES;
				CLANG_WARN__DUPLICATE_METHOD_MATCH = YES;
				COPY_PHASE_STRIP = NO;
				DEBUG_INFORMATION_FORMAT = dwarf;
				ENABLE_STRICT_OBJC_MSGSEND = YES;
				ENABLE_TESTABILITY = YES;
				GCC_C_LANGUAGE_STANDARD = gnu11;
				GCC_DYNAMIC_NO_PIC = NO;
				GCC_NO_COMMON_BLOCKS = YES;
				GCC_OPTIMIZATION_LEVEL = 0;
				GCC_PREPROCESSOR_DEFINITIONS = (
					"DEBUG=1",
					"$(inherited)",
				);
				GCC_WARN_64_TO_32_BIT_CONVERSION = YES;
				GCC_WARN_ABOUT_RETURN_TYPE = YES_ERROR;
				GCC_WARN_UNDECLARED_SELECTOR = YES;
				GCC_WARN_UNINITIALIZED_AUTOS = YES_AGGRESSIVE;
				GCC_WARN_UNUSED_FUNCTION = YES;
				GCC_WARN_UNUSED_VARIABLE = YES;
				IPHONEOS_DEPLOYMENT_TARGET = 14.0;
				MTL_ENABLE_DEBUG_INFO = INCLUDE_SOURCE;
				MTL_FAST_MATH = YES;
				ONLY_ACTIVE_ARCH = YES;
				SDKROOT = iphoneos;
				SWIFT_ACTIVE_COMPILATION_CONDITIONS = DEBUG;
				SWIFT_OPTIMIZATION_LEVEL = "-Onone";
			};
			name = Debug;
		};
		706A809F2566DCA700A07C9C /* Release */ = {
			isa = XCBuildConfiguration;
			buildSettings = {
				ALWAYS_SEARCH_USER_PATHS = NO;
				CLANG_ANALYZER_NONNULL = YES;
				CLANG_ANALYZER_NUMBER_OBJECT_CONVERSION = YES_AGGRESSIVE;
				CLANG_CXX_LANGUAGE_STANDARD = "gnu++14";
				CLANG_CXX_LIBRARY = "libc++";
				CLANG_ENABLE_MODULES = YES;
				CLANG_ENABLE_OBJC_ARC = YES;
				CLANG_ENABLE_OBJC_WEAK = YES;
				CLANG_WARN_BLOCK_CAPTURE_AUTORELEASING = YES;
				CLANG_WARN_BOOL_CONVERSION = YES;
				CLANG_WARN_COMMA = YES;
				CLANG_WARN_CONSTANT_CONVERSION = YES;
				CLANG_WARN_DEPRECATED_OBJC_IMPLEMENTATIONS = YES;
				CLANG_WARN_DIRECT_OBJC_ISA_USAGE = YES_ERROR;
				CLANG_WARN_DOCUMENTATION_COMMENTS = YES;
				CLANG_WARN_EMPTY_BODY = YES;
				CLANG_WARN_ENUM_CONVERSION = YES;
				CLANG_WARN_INFINITE_RECURSION = YES;
				CLANG_WARN_INT_CONVERSION = YES;
				CLANG_WARN_NON_LITERAL_NULL_CONVERSION = YES;
				CLANG_WARN_OBJC_IMPLICIT_RETAIN_SELF = YES;
				CLANG_WARN_OBJC_LITERAL_CONVERSION = YES;
				CLANG_WARN_OBJC_ROOT_CLASS = YES_ERROR;
				CLANG_WARN_QUOTED_INCLUDE_IN_FRAMEWORK_HEADER = YES;
				CLANG_WARN_RANGE_LOOP_ANALYSIS = YES;
				CLANG_WARN_STRICT_PROTOTYPES = YES;
				CLANG_WARN_SUSPICIOUS_MOVE = YES;
				CLANG_WARN_UNGUARDED_AVAILABILITY = YES_AGGRESSIVE;
				CLANG_WARN_UNREACHABLE_CODE = YES;
				CLANG_WARN__DUPLICATE_METHOD_MATCH = YES;
				COPY_PHASE_STRIP = NO;
				DEBUG_INFORMATION_FORMAT = "dwarf-with-dsym";
				ENABLE_NS_ASSERTIONS = NO;
				ENABLE_STRICT_OBJC_MSGSEND = YES;
				GCC_C_LANGUAGE_STANDARD = gnu11;
				GCC_NO_COMMON_BLOCKS = YES;
				GCC_WARN_64_TO_32_BIT_CONVERSION = YES;
				GCC_WARN_ABOUT_RETURN_TYPE = YES_ERROR;
				GCC_WARN_UNDECLARED_SELECTOR = YES;
				GCC_WARN_UNINITIALIZED_AUTOS = YES_AGGRESSIVE;
				GCC_WARN_UNUSED_FUNCTION = YES;
				GCC_WARN_UNUSED_VARIABLE = YES;
				IPHONEOS_DEPLOYMENT_TARGET = 14.0;
				MTL_ENABLE_DEBUG_INFO = NO;
				MTL_FAST_MATH = YES;
				SDKROOT = iphoneos;
				SWIFT_COMPILATION_MODE = wholemodule;
				SWIFT_OPTIMIZATION_LEVEL = "-O";
				VALIDATE_PRODUCT = YES;
			};
			name = Release;
		};
		706A80A12566DCA700A07C9C /* Debug */ = {
			isa = XCBuildConfiguration;
			baseConfigurationReference = 7CC0CC95EDF86B3CA7DE289E /* Pods-FinalProject.debug.xcconfig */;
			buildSettings = {
				ASSETCATALOG_COMPILER_APPICON_NAME = AppIcon;
				ASSETCATALOG_COMPILER_GLOBAL_ACCENT_COLOR_NAME = AccentColor;
				CODE_SIGN_ENTITLEMENTS = FinalProject/FinalProject.entitlements;
				CODE_SIGN_IDENTITY = "iPhone Developer";
				CODE_SIGN_STYLE = Manual;
				DEVELOPMENT_TEAM = NZ84G65WL7;
				INFOPLIST_FILE = FinalProject/Resources/Info.plist;
				LD_RUNPATH_SEARCH_PATHS = (
					"$(inherited)",
					"@executable_path/Frameworks",
				);
				PRODUCT_BUNDLE_IDENTIFIER = com.ClarissaVinciguerra.dvmtn.FinalProject.CV;
				PRODUCT_NAME = "$(TARGET_NAME)";
				PROVISIONING_PROFILE_SPECIFIER = "Edamame Dev";
				SWIFT_VERSION = 5.0;
				TARGETED_DEVICE_FAMILY = 1;
			};
			name = Debug;
		};
		706A80A22566DCA700A07C9C /* Release */ = {
			isa = XCBuildConfiguration;
			baseConfigurationReference = C6FA7A1A978F2435EBB31F65 /* Pods-FinalProject.release.xcconfig */;
			buildSettings = {
				ASSETCATALOG_COMPILER_APPICON_NAME = AppIcon;
				ASSETCATALOG_COMPILER_GLOBAL_ACCENT_COLOR_NAME = AccentColor;
				CODE_SIGN_ENTITLEMENTS = FinalProject/FinalProject.entitlements;
				CODE_SIGN_IDENTITY = "iPhone Developer";
				CODE_SIGN_STYLE = Manual;
				DEVELOPMENT_TEAM = NZ84G65WL7;
				INFOPLIST_FILE = FinalProject/Resources/Info.plist;
				LD_RUNPATH_SEARCH_PATHS = (
					"$(inherited)",
					"@executable_path/Frameworks",
				);
				PRODUCT_BUNDLE_IDENTIFIER = com.ClarissaVinciguerra.dvmtn.FinalProject.CV;
				PRODUCT_NAME = "$(TARGET_NAME)";
				PROVISIONING_PROFILE_SPECIFIER = "Edamame Dev";
				SWIFT_VERSION = 5.0;
				TARGETED_DEVICE_FAMILY = 1;
			};
			name = Release;
		};
/* End XCBuildConfiguration section */

/* Begin XCConfigurationList section */
		706A80872566DCA400A07C9C /* Build configuration list for PBXProject "FinalProject" */ = {
			isa = XCConfigurationList;
			buildConfigurations = (
				706A809E2566DCA700A07C9C /* Debug */,
				706A809F2566DCA700A07C9C /* Release */,
			);
			defaultConfigurationIsVisible = 0;
			defaultConfigurationName = Release;
		};
		706A80A02566DCA700A07C9C /* Build configuration list for PBXNativeTarget "FinalProject" */ = {
			isa = XCConfigurationList;
			buildConfigurations = (
				706A80A12566DCA700A07C9C /* Debug */,
				706A80A22566DCA700A07C9C /* Release */,
			);
			defaultConfigurationIsVisible = 0;
			defaultConfigurationName = Release;
		};
/* End XCConfigurationList section */
	};
	rootObject = 706A80842566DCA400A07C9C /* Project object */;
}
